// !$*UTF8*$!
{
	archiveVersion = 1;
	classes = {
	};
	objectVersion = 46;
	objects = {

/* Begin PBXBuildFile section */
		D36F2D8B14CCDF2E00082A5C /* Cocoa.framework in Frameworks */ = {isa = PBXBuildFile; fileRef = D36F2D8A14CCDF2E00082A5C /* Cocoa.framework */; };
		D3B4C92D14D6620800A8E359 /* WebKit.framework in Frameworks */ = {isa = PBXBuildFile; fileRef = D3B4C92C14D6620800A8E359 /* WebKit.framework */; };
		D3C2EC8C15089BE6004120AD /* DropboxOSX.framework in Frameworks */ = {isa = PBXBuildFile; fileRef = D3C2EC8B15089BE6004120AD /* DropboxOSX.framework */; };
		D3DE1F3615089D9100280C38 /* AppDelegate.m in Sources */ = {isa = PBXBuildFile; fileRef = D3DE1F3015089D9100280C38 /* AppDelegate.m */; };
		D3DE1F3815089D9100280C38 /* MainMenu.xib in Resources */ = {isa = PBXBuildFile; fileRef = D3DE1F3315089D9100280C38 /* MainMenu.xib */; };
		D3DE1F3915089D9100280C38 /* main.m in Sources */ = {isa = PBXBuildFile; fileRef = D3DE1F3515089D9100280C38 /* main.m */; };
		D3DE1F4815089EF800280C38 /* DropboxOSX.framework in CopyFiles */ = {isa = PBXBuildFile; fileRef = D3C2EC8B15089BE6004120AD /* DropboxOSX.framework */; };
/* End PBXBuildFile section */

/* Begin PBXCopyFilesBuildPhase section */
		D36F2E1814CD11BD00082A5C /* CopyFiles */ = {
			isa = PBXCopyFilesBuildPhase;
			buildActionMask = 2147483647;
			dstPath = "";
			dstSubfolderSpec = 10;
			files = (
				D3DE1F4815089EF800280C38 /* DropboxOSX.framework in CopyFiles */,
			);
			runOnlyForDeploymentPostprocessing = 0;
		};
/* End PBXCopyFilesBuildPhase section */

/* Begin PBXFileReference section */
		D36F2D8614CCDF2E00082A5C /* DBRouletteOSX.app */ = {isa = PBXFileReference; explicitFileType = wrapper.application; includeInIndex = 0; path = DBRouletteOSX.app; sourceTree = BUILT_PRODUCTS_DIR; };
		D36F2D8A14CCDF2E00082A5C /* Cocoa.framework */ = {isa = PBXFileReference; lastKnownFileType = wrapper.framework; name = Cocoa.framework; path = System/Library/Frameworks/Cocoa.framework; sourceTree = SDKROOT; };
		D36F2D8D14CCDF2E00082A5C /* AppKit.framework */ = {isa = PBXFileReference; lastKnownFileType = wrapper.framework; name = AppKit.framework; path = System/Library/Frameworks/AppKit.framework; sourceTree = SDKROOT; };
		D36F2D8E14CCDF2E00082A5C /* CoreData.framework */ = {isa = PBXFileReference; lastKnownFileType = wrapper.framework; name = CoreData.framework; path = System/Library/Frameworks/CoreData.framework; sourceTree = SDKROOT; };
		D36F2D8F14CCDF2E00082A5C /* Foundation.framework */ = {isa = PBXFileReference; lastKnownFileType = wrapper.framework; name = Foundation.framework; path = System/Library/Frameworks/Foundation.framework; sourceTree = SDKROOT; };
		D3B4C92C14D6620800A8E359 /* WebKit.framework */ = {isa = PBXFileReference; lastKnownFileType = wrapper.framework; name = WebKit.framework; path = System/Library/Frameworks/WebKit.framework; sourceTree = SDKROOT; };
		D3C2EC8B15089BE6004120AD /* DropboxOSX.framework */ = {isa = PBXFileReference; lastKnownFileType = wrapper.framework; name = DropboxOSX.framework; path = ../../DropboxOSX.framework; sourceTree = "<group>"; };
		D3DE1F2F15089D9100280C38 /* AppDelegate.h */ = {isa = PBXFileReference; fileEncoding = 4; lastKnownFileType = sourcecode.c.h; path = AppDelegate.h; sourceTree = "<group>"; };
		D3DE1F3015089D9100280C38 /* AppDelegate.m */ = {isa = PBXFileReference; fileEncoding = 4; lastKnownFileType = sourcecode.c.objc; path = AppDelegate.m; sourceTree = "<group>"; };
		D3DE1F3115089D9100280C38 /* DBRouletteOSX-Info.plist */ = {isa = PBXFileReference; fileEncoding = 4; lastKnownFileType = text.plist.xml; path = "DBRouletteOSX-Info.plist"; sourceTree = "<group>"; };
		D3DE1F3215089D9100280C38 /* DBRouletteOSX-Prefix.pch */ = {isa = PBXFileReference; fileEncoding = 4; lastKnownFileType = sourcecode.c.h; path = "DBRouletteOSX-Prefix.pch"; sourceTree = "<group>"; };
		D3DE1F3415089D9100280C38 /* en */ = {isa = PBXFileReference; lastKnownFileType = file.xib; name = en; path = en.lproj/MainMenu.xib; sourceTree = "<group>"; };
		D3DE1F3515089D9100280C38 /* main.m */ = {isa = PBXFileReference; fileEncoding = 4; lastKnownFileType = sourcecode.c.objc; path = main.m; sourceTree = "<group>"; };
/* End PBXFileReference section */

/* Begin PBXFrameworksBuildPhase section */
		D36F2D8314CCDF2E00082A5C /* Frameworks */ = {
			isa = PBXFrameworksBuildPhase;
			buildActionMask = 2147483647;
			files = (
				D3B4C92D14D6620800A8E359 /* WebKit.framework in Frameworks */,
				D36F2D8B14CCDF2E00082A5C /* Cocoa.framework in Frameworks */,
				D3C2EC8C15089BE6004120AD /* DropboxOSX.framework in Frameworks */,
			);
			runOnlyForDeploymentPostprocessing = 0;
		};
/* End PBXFrameworksBuildPhase section */

/* Begin PBXGroup section */
		D36F2D7B14CCDF2D00082A5C = {
			isa = PBXGroup;
			children = (
				D3DE1F2E15089D9100280C38 /* DBRouletteOSX */,
				D36F2D8914CCDF2E00082A5C /* Frameworks */,
				D36F2D8714CCDF2E00082A5C /* Products */,
			);
			sourceTree = "<group>";
		};
		D36F2D8714CCDF2E00082A5C /* Products */ = {
			isa = PBXGroup;
			children = (
				D36F2D8614CCDF2E00082A5C /* DBRouletteOSX.app */,
			);
			name = Products;
			sourceTree = "<group>";
		};
		D36F2D8914CCDF2E00082A5C /* Frameworks */ = {
			isa = PBXGroup;
			children = (
				D3C2EC8B15089BE6004120AD /* DropboxOSX.framework */,
				D36F2D8A14CCDF2E00082A5C /* Cocoa.framework */,
				D3B4C92C14D6620800A8E359 /* WebKit.framework */,
				D36F2D8C14CCDF2E00082A5C /* Other Frameworks */,
			);
			name = Frameworks;
			sourceTree = "<group>";
		};
		D36F2D8C14CCDF2E00082A5C /* Other Frameworks */ = {
			isa = PBXGroup;
			children = (
				D36F2D8D14CCDF2E00082A5C /* AppKit.framework */,
				D36F2D8E14CCDF2E00082A5C /* CoreData.framework */,
				D36F2D8F14CCDF2E00082A5C /* Foundation.framework */,
			);
			name = "Other Frameworks";
			sourceTree = "<group>";
		};
		D3DE1F2E15089D9100280C38 /* DBRouletteOSX */ = {
			isa = PBXGroup;
			children = (
				D3DE1F2F15089D9100280C38 /* AppDelegate.h */,
				D3DE1F3015089D9100280C38 /* AppDelegate.m */,
				D3DE1F3115089D9100280C38 /* DBRouletteOSX-Info.plist */,
				D3DE1F3215089D9100280C38 /* DBRouletteOSX-Prefix.pch */,
				D3DE1F3315089D9100280C38 /* MainMenu.xib */,
				D3DE1F3515089D9100280C38 /* main.m */,
			);
			path = DBRouletteOSX;
			sourceTree = "<group>";
		};
/* End PBXGroup section */

/* Begin PBXNativeTarget section */
		D36F2D8514CCDF2E00082A5C /* DBRouletteOSX */ = {
			isa = PBXNativeTarget;
			buildConfigurationList = D36F2DA414CCDF2E00082A5C /* Build configuration list for PBXNativeTarget "DBRouletteOSX" */;
			buildPhases = (
				D36F2D8214CCDF2E00082A5C /* Sources */,
				D36F2E1814CD11BD00082A5C /* CopyFiles */,
				D36F2D8314CCDF2E00082A5C /* Frameworks */,
				D36F2D8414CCDF2E00082A5C /* Resources */,
			);
			buildRules = (
			);
			dependencies = (
			);
			name = DBRouletteOSX;
			productName = DBRouletteOSX;
			productReference = D36F2D8614CCDF2E00082A5C /* DBRouletteOSX.app */;
			productType = "com.apple.product-type.application";
		};
/* End PBXNativeTarget section */

/* Begin PBXProject section */
		D36F2D7D14CCDF2D00082A5C /* Project object */ = {
			isa = PBXProject;
			attributes = {
				LastUpgradeCheck = 0420;
			};
			buildConfigurationList = D36F2D8014CCDF2D00082A5C /* Build configuration list for PBXProject "DBRouletteOSX" */;
			compatibilityVersion = "Xcode 3.2";
			developmentRegion = English;
			hasScannedForEncodings = 0;
			knownRegions = (
				en,
			);
			mainGroup = D36F2D7B14CCDF2D00082A5C;
			productRefGroup = D36F2D8714CCDF2E00082A5C /* Products */;
			projectDirPath = "";
			projectRoot = "";
			targets = (
				D36F2D8514CCDF2E00082A5C /* DBRouletteOSX */,
			);
		};
/* End PBXProject section */

/* Begin PBXResourcesBuildPhase section */
		D36F2D8414CCDF2E00082A5C /* Resources */ = {
			isa = PBXResourcesBuildPhase;
			buildActionMask = 2147483647;
			files = (
				D3DE1F3815089D9100280C38 /* MainMenu.xib in Resources */,
			);
			runOnlyForDeploymentPostprocessing = 0;
		};
/* End PBXResourcesBuildPhase section */

/* Begin PBXSourcesBuildPhase section */
		D36F2D8214CCDF2E00082A5C /* Sources */ = {
			isa = PBXSourcesBuildPhase;
			buildActionMask = 2147483647;
			files = (
				D3DE1F3615089D9100280C38 /* AppDelegate.m in Sources */,
				D3DE1F3915089D9100280C38 /* main.m in Sources */,
			);
			runOnlyForDeploymentPostprocessing = 0;
		};
/* End PBXSourcesBuildPhase section */

/* Begin PBXVariantGroup section */
		D3DE1F3315089D9100280C38 /* MainMenu.xib */ = {
			isa = PBXVariantGroup;
			children = (
				D3DE1F3415089D9100280C38 /* en */,
			);
			name = MainMenu.xib;
			sourceTree = "<group>";
		};
/* End PBXVariantGroup section */

/* Begin XCBuildConfiguration section */
		D36F2DA214CCDF2E00082A5C /* Debug */ = {
			isa = XCBuildConfiguration;
			buildSettings = {
				ALWAYS_SEARCH_USER_PATHS = NO;
				ARCHS = "$(ARCHS_STANDARD_64_BIT)";
				CLANG_ENABLE_OBJC_ARC = YES;
				COPY_PHASE_STRIP = NO;
				GCC_C_LANGUAGE_STANDARD = gnu99;
				GCC_DYNAMIC_NO_PIC = NO;
				GCC_ENABLE_OBJC_EXCEPTIONS = YES;
				GCC_OPTIMIZATION_LEVEL = 0;
				GCC_PREPROCESSOR_DEFINITIONS = (
					"DEBUG=1",
					"$(inherited)",
				);
				GCC_SYMBOLS_PRIVATE_EXTERN = NO;
				GCC_VERSION = com.apple.compilers.llvmgcc42;
				GCC_WARN_64_TO_32_BIT_CONVERSION = YES;
				GCC_WARN_ABOUT_MISSING_PROTOTYPES = YES;
				GCC_WARN_ABOUT_RETURN_TYPE = YES;
				GCC_WARN_UNUSED_VARIABLE = YES;
				MACOSX_DEPLOYMENT_TARGET = 10.5;
				ONLY_ACTIVE_ARCH = YES;
				SDKROOT = macosx;
			};
			name = Debug;
		};
		D36F2DA314CCDF2E00082A5C /* Release */ = {
			isa = XCBuildConfiguration;
			buildSettings = {
				ALWAYS_SEARCH_USER_PATHS = NO;
				ARCHS = "$(ARCHS_STANDARD_64_BIT)";
				CLANG_ENABLE_OBJC_ARC = YES;
				COPY_PHASE_STRIP = YES;
				DEBUG_INFORMATION_FORMAT = "dwarf-with-dsym";
				GCC_C_LANGUAGE_STANDARD = gnu99;
				GCC_ENABLE_OBJC_EXCEPTIONS = YES;
				GCC_VERSION = com.apple.compilers.llvmgcc42;
				GCC_WARN_64_TO_32_BIT_CONVERSION = YES;
				GCC_WARN_ABOUT_MISSING_PROTOTYPES = YES;
				GCC_WARN_ABOUT_RETURN_TYPE = YES;
				GCC_WARN_UNUSED_VARIABLE = YES;
				MACOSX_DEPLOYMENT_TARGET = 10.7;
				SDKROOT = macosx;
			};
			name = Release;
		};
		D36F2DA514CCDF2E00082A5C /* Debug */ = {
			isa = XCBuildConfiguration;
			buildSettings = {
				FRAMEWORK_SEARCH_PATHS = (
					"$(inherited)",
					"\"$(SRCROOT)/../..\"",
				);
				GCC_PRECOMPILE_PREFIX_HEADER = YES;
				GCC_PREFIX_HEADER = "DBRouletteOSX/DBRouletteOSX-Prefix.pch";
				HEADER_SEARCH_PATHS = ../../DropboxSDK/Classes;
				INFOPLIST_FILE = "DBRouletteOSX/DBRouletteOSX-Info.plist";
				PRODUCT_NAME = "$(TARGET_NAME)";
				WRAPPER_EXTENSION = app;
			};
			name = Debug;
		};
		D36F2DA614CCDF2E00082A5C /* Release */ = {
			isa = XCBuildConfiguration;
			buildSettings = {
				FRAMEWORK_SEARCH_PATHS = (
					"$(inherited)",
					"\"$(SRCROOT)/../..\"",
				);
				GCC_PRECOMPILE_PREFIX_HEADER = YES;
				GCC_PREFIX_HEADER = "DBRouletteOSX/DBRouletteOSX-Prefix.pch";
				HEADER_SEARCH_PATHS = ../../DropboxSDK/Classes;
				INFOPLIST_FILE = "DBRouletteOSX/DBRouletteOSX-Info.plist";
				PRODUCT_NAME = "$(TARGET_NAME)";
				WRAPPER_EXTENSION = app;
			};
			name = Release;
		};
/* End XCBuildConfiguration section */

/* Begin XCConfigurationList section */
		D36F2D8014CCDF2D00082A5C /* Build configuration list for PBXProject "DBRouletteOSX" */ = {
			isa = XCConfigurationList;
			buildConfigurations = (
				D36F2DA214CCDF2E00082A5C /* Debug */,
				D36F2DA314CCDF2E00082A5C /* Release */,
			);
			defaultConfigurationIsVisible = 0;
			defaultConfigurationName = Release;
		};
		D36F2DA414CCDF2E00082A5C /* Build configuration list for PBXNativeTarget "DBRouletteOSX" */ = {
			isa = XCConfigurationList;
			buildConfigurations = (
				D36F2DA514CCDF2E00082A5C /* Debug */,
				D36F2DA614CCDF2E00082A5C /* Release */,
			);
			defaultConfigurationIsVisible = 0;
			defaultConfigurationName = Release;
		};
/* End XCConfigurationList section */
	};
	rootObject = D36F2D7D14CCDF2D00082A5C /* Project object */;
}
